# This file is automatically @generated by Cargo.
# It is not intended for manual editing.
version = 3

[[package]]
name = "autocfg"
version = "1.1.0"
source = "registry+https://github.com/rust-lang/crates.io-index"
checksum = "d468802bab17cbc0cc575e9b053f41e72aa36bfa6b7f55e3529ffa43161b97fa"

[[package]]
name = "cfg-if"
version = "1.0.0"
source = "registry+https://github.com/rust-lang/crates.io-index"
checksum = "baf1de4339761588bc0619e3cbc0120ee582ebb74b53b4efbf79117bd2da40fd"

[[package]]
name = "idle"
version = "0.1.0"

[[package]]
name = "jrinx-abi"
version = "0.1.2"
dependencies = [
 "cfg-if",
 "jrinx-apex",
]

[[package]]
name = "jrinx-apex"
version = "0.1.0"

[[package]]
name = "jrlib-a653"
version = "0.1.0"
dependencies = [
 "jrinx-abi",
 "jrinx-apex",
]

[[package]]
name = "jrlib-logging"
version = "0.1.0"
dependencies = [
 "jrinx-abi",
 "log",
 "spin",
]

[[package]]
name = "lock_api"
version = "0.4.11"
source = "registry+https://github.com/rust-lang/crates.io-index"
checksum = "3c168f8615b12bc01f9c17e2eb0cc07dcae1940121185446edc3744920e8ef45"
dependencies = [
 "autocfg",
 "scopeguard",
]

[[package]]
name = "log"
version = "0.4.20"
source = "registry+https://github.com/rust-lang/crates.io-index"
checksum = "b5e6163cb8c49088c2c36f57875e58ccd8c87c7427f7fbd50ea6710b2f3f2e8f"

[[package]]
name = "nullptr-reader"
version = "0.1.0"

[[package]]
name = "nullptr-writer"
version = "0.1.0"

[[package]]
name = "process-creator"
version = "0.1.0"
dependencies = [
 "jrinx-abi",
 "jrlib-a653",
 "jrlib-logging",
 "log",
]

[[package]]
name = "scopeguard"
version = "1.2.0"
source = "registry+https://github.com/rust-lang/crates.io-index"
checksum = "94143f37725109f92c262ed2cf5e59bce7498c01bcc1502d7b9afe439a4e9f49"

[[package]]
name = "spin"
version = "0.9.8"
source = "registry+https://github.com/rust-lang/crates.io-index"
checksum = "6980e8d7511241f8acf4aebddbb1ff938df5eebe98691418c4468d0b72a96a67"
dependencies = [
 "lock_api",
]

[[package]]
name = "system-caller"
version = "0.1.0"
